
Microsoft Visual Studio Solution File, Format Version 12.00
# Visual Studio Version 16
VisualStudioVersion = 16.0.30011.22
MinimumVisualStudioVersion = 10.0.40219.1
Project("{8BC9CEB8-8B4A-11D0-8D11-00A0C91BC942}") = "BinaryToASCII", "BinaryToASCII\BinaryToASCII.vcxproj", "{3FF53DFD-B09E-4034-9E3A-F0A16D8C303C}"
EndProject
Global
	GlobalSection(SolutionConfigurationPlatforms) = preSolution
		Debug|x64 = Debug|x64
		Debug|x86 = Debug|x86
		Release|x64 = Release|x64
		Release|x86 = Release|x86
	EndGlobalSection
	GlobalSection(ProjectConfigurationPlatforms) = postSolution
		{3FF53DFD-B09E-4034-9E3A-F0A16D8C303C}.Debug|x64.ActiveCfg = Debug|x64
		{3FF53DFD-B09E-4034-9E3A-F0A16D8C303C}.Debug|x64.Build.0 = Debug|x64
		{3FF53DFD-B09E-4034-9E3A-F0A16D8C303C}.Debug|x86.ActiveCfg = Debug|Win32
		{3FF53DFD-B09E-4034-9E3A-F0A16D8C303C}.Debug|x86.Build.0 = Debug|Win32
		{3FF53DFD-B09E-4034-9E3A-F0A16D8C303C}.Release|x64.ActiveCfg = Release|x64
		{3FF53DFD-B09E-4034-9E3A-F0A16D8C303C}.Release|x64.Build.0 = Release|x64
		{3FF53DFD-B09E-4034-9E3A-F0A16D8C303C}.Release|x86.ActiveCfg = Release|Win32
		{3FF53DFD-B09E-4034-9E3A-F0A16D8C303C}.Release|x86.Build.0 = Release|Win32
	EndGlobalSection
	GlobalSection(SolutionProperties) = preSolution
		HideSolutionNode = FALSE
	EndGlobalSection
	GlobalSection(ExtensibilityGlobals) = postSolution
		SolutionGuid = {A521EBBD-2665-480C-97BD-DD251B4281E9}
	EndGlobalSection
EndGlobal
